
Microsoft Visual Studio Solution File, Format Version 12.00
# Visual Studio 15
VisualStudioVersion = 15.0.25920.0
MinimumVisualStudioVersion = 10.0.40219.1
Project("{FAE04EC0-301F-11D3-BF4B-00C04F79EFBC}") = "ClassLibrary1", "ClassLibrary1\ClassLibrary1.csproj", "{67F9D3A8-F71E-4428-913F-C37AE82CDB24}"
EndProject
Project("{FAE04EC0-301F-11D3-BF4B-00C04F79EFBC}") = "App1", "App1\App1.csproj", "{35F05F33-B9B1-4306-8655-FA58B8213E10}"
EndProject
Project("{FAE04EC0-301F-11D3-BF4B-00C04F79EFBC}") = "App1.Droid", "App1.Droid\App1.Droid.csproj", "{C6F7A5D4-CE06-4B4E-A4F1-87F7092E435A}"
EndProject
Project("{FAE04EC0-301F-11D3-BF4B-00C04F79EFBC}") = "App1.iOS", "App1.iOS\App1.iOS.csproj", "{AA7404E4-478C-411A-8A52-801BACD066ED}"
EndProject
Project("{FAE04EC0-301F-11D3-BF4B-00C04F79EFBC}") = "App1.UWP", "App1.UWP\App1.UWP.csproj", "{1FE76D6E-5273-4DD0-A26A-42BAA9CEB616}"
EndProject
Project("{FAE04EC0-301F-11D3-BF4B-00C04F79EFBC}") = "WebApplication1", "WebApplication1\WebApplication1.csproj", "{EA33847A-A5C9-4068-80FF-31CE930F6839}"
EndProject
Global
	GlobalSection(SolutionConfigurationPlatforms) = preSolution
		Ad-Hoc|Any CPU = Ad-Hoc|Any CPU
		Ad-Hoc|ARM = Ad-Hoc|ARM
		Ad-Hoc|iPhone = Ad-Hoc|iPhone
		Ad-Hoc|iPhoneSimulator = Ad-Hoc|iPhoneSimulator
		Ad-Hoc|x64 = Ad-Hoc|x64
		Ad-Hoc|x86 = Ad-Hoc|x86
		AppStore|Any CPU = AppStore|Any CPU
		AppStore|ARM = AppStore|ARM
		AppStore|iPhone = AppStore|iPhone
		AppStore|iPhoneSimulator = AppStore|iPhoneSimulator
		AppStore|x64 = AppStore|x64
		AppStore|x86 = AppStore|x86
		Debug|Any CPU = Debug|Any CPU
		Debug|ARM = Debug|ARM
		Debug|iPhone = Debug|iPhone
		Debug|iPhoneSimulator = Debug|iPhoneSimulator
		Debug|x64 = Debug|x64
		Debug|x86 = Debug|x86
		Release|Any CPU = Release|Any CPU
		Release|ARM = Release|ARM
		Release|iPhone = Release|iPhone
		Release|iPhoneSimulator = Release|iPhoneSimulator
		Release|x64 = Release|x64
		Release|x86 = Release|x86
	EndGlobalSection
	GlobalSection(ProjectConfigurationPlatforms) = postSolution
		{67F9D3A8-F71E-4428-913F-C37AE82CDB24}.Ad-Hoc|Any CPU.ActiveCfg = Release|Any CPU
		{67F9D3A8-F71E-4428-913F-C37AE82CDB24}.Ad-Hoc|Any CPU.Build.0 = Release|Any CPU
		{67F9D3A8-F71E-4428-913F-C37AE82CDB24}.Ad-Hoc|ARM.ActiveCfg = Release|Any CPU
		{67F9D3A8-F71E-4428-913F-C37AE82CDB24}.Ad-Hoc|ARM.Build.0 = Release|Any CPU
		{67F9D3A8-F71E-4428-913F-C37AE82CDB24}.Ad-Hoc|iPhone.ActiveCfg = Release|Any CPU
		{67F9D3A8-F71E-4428-913F-C37AE82CDB24}.Ad-Hoc|iPhone.Build.0 = Release|Any CPU
		{67F9D3A8-F71E-4428-913F-C37AE82CDB24}.Ad-Hoc|iPhoneSimulator.ActiveCfg = Release|Any CPU
		{67F9D3A8-F71E-4428-913F-C37AE82CDB24}.Ad-Hoc|iPhoneSimulator.Build.0 = Release|Any CPU
		{67F9D3A8-F71E-4428-913F-C37AE82CDB24}.Ad-Hoc|x64.ActiveCfg = Release|Any CPU
		{67F9D3A8-F71E-4428-913F-C37AE82CDB24}.Ad-Hoc|x64.Build.0 = Release|Any CPU
		{67F9D3A8-F71E-4428-913F-C37AE82CDB24}.Ad-Hoc|x86.ActiveCfg = Release|Any CPU
		{67F9D3A8-F71E-4428-913F-C37AE82CDB24}.Ad-Hoc|x86.Build.0 = Release|Any CPU
		{67F9D3A8-F71E-4428-913F-C37AE82CDB24}.AppStore|Any CPU.ActiveCfg = Release|Any CPU
		{67F9D3A8-F71E-4428-913F-C37AE82CDB24}.AppStore|Any CPU.Build.0 = Release|Any CPU
		{67F9D3A8-F71E-4428-913F-C37AE82CDB24}.AppStore|ARM.ActiveCfg = Release|Any CPU
		{67F9D3A8-F71E-4428-913F-C37AE82CDB24}.AppStore|ARM.Build.0 = Release|Any CPU
		{67F9D3A8-F71E-4428-913F-C37AE82CDB24}.AppStore|iPhone.ActiveCfg = Release|Any CPU
		{67F9D3A8-F71E-4428-913F-C37AE82CDB24}.AppStore|iPhone.Build.0 = Release|Any CPU
		{67F9D3A8-F71E-4428-913F-C37AE82CDB24}.AppStore|iPhoneSimulator.ActiveCfg = Release|Any CPU
		{67F9D3A8-F71E-4428-913F-C37AE82CDB24}.AppStore|iPhoneSimulator.Build.0 = Release|Any CPU
		{67F9D3A8-F71E-4428-913F-C37AE82CDB24}.AppStore|x64.ActiveCfg = Release|Any CPU
		{67F9D3A8-F71E-4428-913F-C37AE82CDB24}.AppStore|x64.Build.0 = Release|Any CPU
		{67F9D3A8-F71E-4428-913F-C37AE82CDB24}.AppStore|x86.ActiveCfg = Release|Any CPU
		{67F9D3A8-F71E-4428-913F-C37AE82CDB24}.AppStore|x86.Build.0 = Release|Any CPU
		{67F9D3A8-F71E-4428-913F-C37AE82CDB24}.Debug|Any CPU.ActiveCfg = Debug|Any CPU
		{67F9D3A8-F71E-4428-913F-C37AE82CDB24}.Debug|Any CPU.Build.0 = Debug|Any CPU
		{67F9D3A8-F71E-4428-913F-C37AE82CDB24}.Debug|ARM.ActiveCfg = Debug|Any CPU
		{67F9D3A8-F71E-4428-913F-C37AE82CDB24}.Debug|ARM.Build.0 = Debug|Any CPU
		{67F9D3A8-F71E-4428-913F-C37AE82CDB24}.Debug|iPhone.ActiveCfg = Debug|Any CPU
		{67F9D3A8-F71E-4428-913F-C37AE82CDB24}.Debug|iPhone.Build.0 = Debug|Any CPU
		{67F9D3A8-F71E-4428-913F-C37AE82CDB24}.Debug|iPhoneSimulator.ActiveCfg = Debug|Any CPU
		{67F9D3A8-F71E-4428-913F-C37AE82CDB24}.Debug|iPhoneSimulator.Build.0 = Debug|Any CPU
		{67F9D3A8-F71E-4428-913F-C37AE82CDB24}.Debug|x64.ActiveCfg = Debug|Any CPU
		{67F9D3A8-F71E-4428-913F-C37AE82CDB24}.Debug|x64.Build.0 = Debug|Any CPU
		{67F9D3A8-F71E-4428-913F-C37AE82CDB24}.Debug|x86.ActiveCfg = Debug|Any CPU
		{67F9D3A8-F71E-4428-913F-C37AE82CDB24}.Debug|x86.Build.0 = Debug|Any CPU
		{67F9D3A8-F71E-4428-913F-C37AE82CDB24}.Release|Any CPU.ActiveCfg = Release|Any CPU
		{67F9D3A8-F71E-4428-913F-C37AE82CDB24}.Release|Any CPU.Build.0 = Release|Any CPU
		{67F9D3A8-F71E-4428-913F-C37AE82CDB24}.Release|ARM.ActiveCfg = Release|Any CPU
		{67F9D3A8-F71E-4428-913F-C37AE82CDB24}.Release|ARM.Build.0 = Release|Any CPU
		{67F9D3A8-F71E-4428-913F-C37AE82CDB24}.Release|iPhone.ActiveCfg = Release|Any CPU
		{67F9D3A8-F71E-4428-913F-C37AE82CDB24}.Release|iPhone.Build.0 = Release|Any CPU
		{67F9D3A8-F71E-4428-913F-C37AE82CDB24}.Release|iPhoneSimulator.ActiveCfg = Release|Any CPU
		{67F9D3A8-F71E-4428-913F-C37AE82CDB24}.Release|iPhoneSimulator.Build.0 = Release|Any CPU
		{67F9D3A8-F71E-4428-913F-C37AE82CDB24}.Release|x64.ActiveCfg = Release|Any CPU
		{67F9D3A8-F71E-4428-913F-C37AE82CDB24}.Release|x64.Build.0 = Release|Any CPU
		{67F9D3A8-F71E-4428-913F-C37AE82CDB24}.Release|x86.ActiveCfg = Release|Any CPU
		{67F9D3A8-F71E-4428-913F-C37AE82CDB24}.Release|x86.Build.0 = Release|Any CPU
		{35F05F33-B9B1-4306-8655-FA58B8213E10}.Ad-Hoc|Any CPU.ActiveCfg = Release|Any CPU
		{35F05F33-B9B1-4306-8655-FA58B8213E10}.Ad-Hoc|Any CPU.Build.0 = Release|Any CPU
		{35F05F33-B9B1-4306-8655-FA58B8213E10}.Ad-Hoc|ARM.ActiveCfg = Release|Any CPU
		{35F05F33-B9B1-4306-8655-FA58B8213E10}.Ad-Hoc|ARM.Build.0 = Release|Any CPU
		{35F05F33-B9B1-4306-8655-FA58B8213E10}.Ad-Hoc|iPhone.ActiveCfg = Release|Any CPU
		{35F05F33-B9B1-4306-8655-FA58B8213E10}.Ad-Hoc|iPhone.Build.0 = Release|Any CPU
		{35F05F33-B9B1-4306-8655-FA58B8213E10}.Ad-Hoc|iPhoneSimulator.ActiveCfg = Release|Any CPU
		{35F05F33-B9B1-4306-8655-FA58B8213E10}.Ad-Hoc|iPhoneSimulator.Build.0 = Release|Any CPU
		{35F05F33-B9B1-4306-8655-FA58B8213E10}.Ad-Hoc|x64.ActiveCfg = Release|Any CPU
		{35F05F33-B9B1-4306-8655-FA58B8213E10}.Ad-Hoc|x64.Build.0 = Release|Any CPU
		{35F05F33-B9B1-4306-8655-FA58B8213E10}.Ad-Hoc|x86.ActiveCfg = Release|Any CPU
		{35F05F33-B9B1-4306-8655-FA58B8213E10}.Ad-Hoc|x86.Build.0 = Release|Any CPU
		{35F05F33-B9B1-4306-8655-FA58B8213E10}.AppStore|Any CPU.ActiveCfg = Release|Any CPU
		{35F05F33-B9B1-4306-8655-FA58B8213E10}.AppStore|Any CPU.Build.0 = Release|Any CPU
		{35F05F33-B9B1-4306-8655-FA58B8213E10}.AppStore|ARM.ActiveCfg = Release|Any CPU
		{35F05F33-B9B1-4306-8655-FA58B8213E10}.AppStore|ARM.Build.0 = Release|Any CPU
		{35F05F33-B9B1-4306-8655-FA58B8213E10}.AppStore|iPhone.ActiveCfg = Release|Any CPU
		{35F05F33-B9B1-4306-8655-FA58B8213E10}.AppStore|iPhone.Build.0 = Release|Any CPU
		{35F05F33-B9B1-4306-8655-FA58B8213E10}.AppStore|iPhoneSimulator.ActiveCfg = Release|Any CPU
		{35F05F33-B9B1-4306-8655-FA58B8213E10}.AppStore|iPhoneSimulator.Build.0 = Release|Any CPU
		{35F05F33-B9B1-4306-8655-FA58B8213E10}.AppStore|x64.ActiveCfg = Release|Any CPU
		{35F05F33-B9B1-4306-8655-FA58B8213E10}.AppStore|x64.Build.0 = Release|Any CPU
		{35F05F33-B9B1-4306-8655-FA58B8213E10}.AppStore|x86.ActiveCfg = Release|Any CPU
		{35F05F33-B9B1-4306-8655-FA58B8213E10}.AppStore|x86.Build.0 = Release|Any CPU
		{35F05F33-B9B1-4306-8655-FA58B8213E10}.Debug|Any CPU.ActiveCfg = Debug|Any CPU
		{35F05F33-B9B1-4306-8655-FA58B8213E10}.Debug|Any CPU.Build.0 = Debug|Any CPU
		{35F05F33-B9B1-4306-8655-FA58B8213E10}.Debug|ARM.ActiveCfg = Debug|Any CPU
		{35F05F33-B9B1-4306-8655-FA58B8213E10}.Debug|ARM.Build.0 = Debug|Any CPU
		{35F05F33-B9B1-4306-8655-FA58B8213E10}.Debug|iPhone.ActiveCfg = Debug|Any CPU
		{35F05F33-B9B1-4306-8655-FA58B8213E10}.Debug|iPhone.Build.0 = Debug|Any CPU
		{35F05F33-B9B1-4306-8655-FA58B8213E10}.Debug|iPhoneSimulator.ActiveCfg = Debug|Any CPU
		{35F05F33-B9B1-4306-8655-FA58B8213E10}.Debug|iPhoneSimulator.Build.0 = Debug|Any CPU
		{35F05F33-B9B1-4306-8655-FA58B8213E10}.Debug|x64.ActiveCfg = Debug|Any CPU
		{35F05F33-B9B1-4306-8655-FA58B8213E10}.Debug|x64.Build.0 = Debug|Any CPU
		{35F05F33-B9B1-4306-8655-FA58B8213E10}.Debug|x86.ActiveCfg = Debug|Any CPU
		{35F05F33-B9B1-4306-8655-FA58B8213E10}.Debug|x86.Build.0 = Debug|Any CPU
		{35F05F33-B9B1-4306-8655-FA58B8213E10}.Release|Any CPU.ActiveCfg = Release|Any CPU
		{35F05F33-B9B1-4306-8655-FA58B8213E10}.Release|Any CPU.Build.0 = Release|Any CPU
		{35F05F33-B9B1-4306-8655-FA58B8213E10}.Release|ARM.ActiveCfg = Release|Any CPU
		{35F05F33-B9B1-4306-8655-FA58B8213E10}.Release|ARM.Build.0 = Release|Any CPU
		{35F05F33-B9B1-4306-8655-FA58B8213E10}.Release|iPhone.ActiveCfg = Release|Any CPU
		{35F05F33-B9B1-4306-8655-FA58B8213E10}.Release|iPhone.Build.0 = Release|Any CPU
		{35F05F33-B9B1-4306-8655-FA58B8213E10}.Release|iPhoneSimulator.ActiveCfg = Release|Any CPU
		{35F05F33-B9B1-4306-8655-FA58B8213E10}.Release|iPhoneSimulator.Build.0 = Release|Any CPU
		{35F05F33-B9B1-4306-8655-FA58B8213E10}.Release|x64.ActiveCfg = Release|Any CPU
		{35F05F33-B9B1-4306-8655-FA58B8213E10}.Release|x64.Build.0 = Release|Any CPU
		{35F05F33-B9B1-4306-8655-FA58B8213E10}.Release|x86.ActiveCfg = Release|Any CPU
		{35F05F33-B9B1-4306-8655-FA58B8213E10}.Release|x86.Build.0 = Release|Any CPU
		{C6F7A5D4-CE06-4B4E-A4F1-87F7092E435A}.Ad-Hoc|Any CPU.ActiveCfg = Release|Any CPU
		{C6F7A5D4-CE06-4B4E-A4F1-87F7092E435A}.Ad-Hoc|Any CPU.Build.0 = Release|Any CPU
		{C6F7A5D4-CE06-4B4E-A4F1-87F7092E435A}.Ad-Hoc|Any CPU.Deploy.0 = Release|Any CPU
		{C6F7A5D4-CE06-4B4E-A4F1-87F7092E435A}.Ad-Hoc|ARM.ActiveCfg = Release|Any CPU
		{C6F7A5D4-CE06-4B4E-A4F1-87F7092E435A}.Ad-Hoc|ARM.Build.0 = Release|Any CPU
		{C6F7A5D4-CE06-4B4E-A4F1-87F7092E435A}.Ad-Hoc|ARM.Deploy.0 = Release|Any CPU
		{C6F7A5D4-CE06-4B4E-A4F1-87F7092E435A}.Ad-Hoc|iPhone.ActiveCfg = Release|Any CPU
		{C6F7A5D4-CE06-4B4E-A4F1-87F7092E435A}.Ad-Hoc|iPhone.Build.0 = Release|Any CPU
		{C6F7A5D4-CE06-4B4E-A4F1-87F7092E435A}.Ad-Hoc|iPhone.Deploy.0 = Release|Any CPU
		{C6F7A5D4-CE06-4B4E-A4F1-87F7092E435A}.Ad-Hoc|iPhoneSimulator.ActiveCfg = Release|Any CPU
		{C6F7A5D4-CE06-4B4E-A4F1-87F7092E435A}.Ad-Hoc|iPhoneSimulator.Build.0 = Release|Any CPU
		{C6F7A5D4-CE06-4B4E-A4F1-87F7092E435A}.Ad-Hoc|iPhoneSimulator.Deploy.0 = Release|Any CPU
		{C6F7A5D4-CE06-4B4E-A4F1-87F7092E435A}.Ad-Hoc|x64.ActiveCfg = Release|Any CPU
		{C6F7A5D4-CE06-4B4E-A4F1-87F7092E435A}.Ad-Hoc|x64.Build.0 = Release|Any CPU
		{C6F7A5D4-CE06-4B4E-A4F1-87F7092E435A}.Ad-Hoc|x64.Deploy.0 = Release|Any CPU
		{C6F7A5D4-CE06-4B4E-A4F1-87F7092E435A}.Ad-Hoc|x86.ActiveCfg = Release|Any CPU
		{C6F7A5D4-CE06-4B4E-A4F1-87F7092E435A}.Ad-Hoc|x86.Build.0 = Release|Any CPU
		{C6F7A5D4-CE06-4B4E-A4F1-87F7092E435A}.Ad-Hoc|x86.Deploy.0 = Release|Any CPU
		{C6F7A5D4-CE06-4B4E-A4F1-87F7092E435A}.AppStore|Any CPU.ActiveCfg = Release|Any CPU
		{C6F7A5D4-CE06-4B4E-A4F1-87F7092E435A}.AppStore|Any CPU.Build.0 = Release|Any CPU
		{C6F7A5D4-CE06-4B4E-A4F1-87F7092E435A}.AppStore|Any CPU.Deploy.0 = Release|Any CPU
		{C6F7A5D4-CE06-4B4E-A4F1-87F7092E435A}.AppStore|ARM.ActiveCfg = Release|Any CPU
		{C6F7A5D4-CE06-4B4E-A4F1-87F7092E435A}.AppStore|ARM.Build.0 = Release|Any CPU
		{C6F7A5D4-CE06-4B4E-A4F1-87F7092E435A}.AppStore|ARM.Deploy.0 = Release|Any CPU
		{C6F7A5D4-CE06-4B4E-A4F1-87F7092E435A}.AppStore|iPhone.ActiveCfg = Release|Any CPU
		{C6F7A5D4-CE06-4B4E-A4F1-87F7092E435A}.AppStore|iPhone.Build.0 = Release|Any CPU
		{C6F7A5D4-CE06-4B4E-A4F1-87F7092E435A}.AppStore|iPhone.Deploy.0 = Release|Any CPU
		{C6F7A5D4-CE06-4B4E-A4F1-87F7092E435A}.AppStore|iPhoneSimulator.ActiveCfg = Release|Any CPU
		{C6F7A5D4-CE06-4B4E-A4F1-87F7092E435A}.AppStore|iPhoneSimulator.Build.0 = Release|Any CPU
		{C6F7A5D4-CE06-4B4E-A4F1-87F7092E435A}.AppStore|iPhoneSimulator.Deploy.0 = Release|Any CPU
		{C6F7A5D4-CE06-4B4E-A4F1-87F7092E435A}.AppStore|x64.ActiveCfg = Release|Any CPU
		{C6F7A5D4-CE06-4B4E-A4F1-87F7092E435A}.AppStore|x64.Build.0 = Release|Any CPU
		{C6F7A5D4-CE06-4B4E-A4F1-87F7092E435A}.AppStore|x64.Deploy.0 = Release|Any CPU
		{C6F7A5D4-CE06-4B4E-A4F1-87F7092E435A}.AppStore|x86.ActiveCfg = Release|Any CPU
		{C6F7A5D4-CE06-4B4E-A4F1-87F7092E435A}.AppStore|x86.Build.0 = Release|Any CPU
		{C6F7A5D4-CE06-4B4E-A4F1-87F7092E435A}.AppStore|x86.Deploy.0 = Release|Any CPU
		{C6F7A5D4-CE06-4B4E-A4F1-87F7092E435A}.Debug|Any CPU.ActiveCfg = Debug|Any CPU
		{C6F7A5D4-CE06-4B4E-A4F1-87F7092E435A}.Debug|Any CPU.Build.0 = Debug|Any CPU
		{C6F7A5D4-CE06-4B4E-A4F1-87F7092E435A}.Debug|Any CPU.Deploy.0 = Debug|Any CPU
		{C6F7A5D4-CE06-4B4E-A4F1-87F7092E435A}.Debug|ARM.ActiveCfg = Debug|Any CPU
		{C6F7A5D4-CE06-4B4E-A4F1-87F7092E435A}.Debug|ARM.Build.0 = Debug|Any CPU
		{C6F7A5D4-CE06-4B4E-A4F1-87F7092E435A}.Debug|ARM.Deploy.0 = Debug|Any CPU
		{C6F7A5D4-CE06-4B4E-A4F1-87F7092E435A}.Debug|iPhone.ActiveCfg = Debug|Any CPU
		{C6F7A5D4-CE06-4B4E-A4F1-87F7092E435A}.Debug|iPhone.Build.0 = Debug|Any CPU
		{C6F7A5D4-CE06-4B4E-A4F1-87F7092E435A}.Debug|iPhone.Deploy.0 = Debug|Any CPU
		{C6F7A5D4-CE06-4B4E-A4F1-87F7092E435A}.Debug|iPhoneSimulator.ActiveCfg = Debug|Any CPU
		{C6F7A5D4-CE06-4B4E-A4F1-87F7092E435A}.Debug|iPhoneSimulator.Build.0 = Debug|Any CPU
		{C6F7A5D4-CE06-4B4E-A4F1-87F7092E435A}.Debug|iPhoneSimulator.Deploy.0 = Debug|Any CPU
		{C6F7A5D4-CE06-4B4E-A4F1-87F7092E435A}.Debug|x64.ActiveCfg = Debug|Any CPU
		{C6F7A5D4-CE06-4B4E-A4F1-87F7092E435A}.Debug|x64.Build.0 = Debug|Any CPU
		{C6F7A5D4-CE06-4B4E-A4F1-87F7092E435A}.Debug|x64.Deploy.0 = Debug|Any CPU
		{C6F7A5D4-CE06-4B4E-A4F1-87F7092E435A}.Debug|x86.ActiveCfg = Debug|Any CPU
		{C6F7A5D4-CE06-4B4E-A4F1-87F7092E435A}.Debug|x86.Build.0 = Debug|Any CPU
		{C6F7A5D4-CE06-4B4E-A4F1-87F7092E435A}.Debug|x86.Deploy.0 = Debug|Any CPU
		{C6F7A5D4-CE06-4B4E-A4F1-87F7092E435A}.Release|Any CPU.ActiveCfg = Release|Any CPU
		{C6F7A5D4-CE06-4B4E-A4F1-87F7092E435A}.Release|Any CPU.Build.0 = Release|Any CPU
		{C6F7A5D4-CE06-4B4E-A4F1-87F7092E435A}.Release|Any CPU.Deploy.0 = Release|Any CPU
		{C6F7A5D4-CE06-4B4E-A4F1-87F7092E435A}.Release|ARM.ActiveCfg = Release|Any CPU
		{C6F7A5D4-CE06-4B4E-A4F1-87F7092E435A}.Release|ARM.Build.0 = Release|Any CPU
		{C6F7A5D4-CE06-4B4E-A4F1-87F7092E435A}.Release|ARM.Deploy.0 = Release|Any CPU
		{C6F7A5D4-CE06-4B4E-A4F1-87F7092E435A}.Release|iPhone.ActiveCfg = Release|Any CPU
		{C6F7A5D4-CE06-4B4E-A4F1-87F7092E435A}.Release|iPhone.Build.0 = Release|Any CPU
		{C6F7A5D4-CE06-4B4E-A4F1-87F7092E435A}.Release|iPhone.Deploy.0 = Release|Any CPU
		{C6F7A5D4-CE06-4B4E-A4F1-87F7092E435A}.Release|iPhoneSimulator.ActiveCfg = Release|Any CPU
		{C6F7A5D4-CE06-4B4E-A4F1-87F7092E435A}.Release|iPhoneSimulator.Build.0 = Release|Any CPU
		{C6F7A5D4-CE06-4B4E-A4F1-87F7092E435A}.Release|iPhoneSimulator.Deploy.0 = Release|Any CPU
		{C6F7A5D4-CE06-4B4E-A4F1-87F7092E435A}.Release|x64.ActiveCfg = Release|Any CPU
		{C6F7A5D4-CE06-4B4E-A4F1-87F7092E435A}.Release|x64.Build.0 = Release|Any CPU
		{C6F7A5D4-CE06-4B4E-A4F1-87F7092E435A}.Release|x64.Deploy.0 = Release|Any CPU
		{C6F7A5D4-CE06-4B4E-A4F1-87F7092E435A}.Release|x86.ActiveCfg = Release|Any CPU
		{C6F7A5D4-CE06-4B4E-A4F1-87F7092E435A}.Release|x86.Build.0 = Release|Any CPU
		{C6F7A5D4-CE06-4B4E-A4F1-87F7092E435A}.Release|x86.Deploy.0 = Release|Any CPU
		{AA7404E4-478C-411A-8A52-801BACD066ED}.Ad-Hoc|Any CPU.ActiveCfg = Ad-Hoc|iPhone
		{AA7404E4-478C-411A-8A52-801BACD066ED}.Ad-Hoc|ARM.ActiveCfg = Ad-Hoc|iPhone
		{AA7404E4-478C-411A-8A52-801BACD066ED}.Ad-Hoc|iPhone.ActiveCfg = Ad-Hoc|iPhone
		{AA7404E4-478C-411A-8A52-801BACD066ED}.Ad-Hoc|iPhone.Build.0 = Ad-Hoc|iPhone
		{AA7404E4-478C-411A-8A52-801BACD066ED}.Ad-Hoc|iPhoneSimulator.ActiveCfg = Ad-Hoc|iPhoneSimulator
		{AA7404E4-478C-411A-8A52-801BACD066ED}.Ad-Hoc|iPhoneSimulator.Build.0 = Ad-Hoc|iPhoneSimulator
		{AA7404E4-478C-411A-8A52-801BACD066ED}.Ad-Hoc|x64.ActiveCfg = Ad-Hoc|iPhone
		{AA7404E4-478C-411A-8A52-801BACD066ED}.Ad-Hoc|x86.ActiveCfg = Ad-Hoc|iPhone
		{AA7404E4-478C-411A-8A52-801BACD066ED}.AppStore|Any CPU.ActiveCfg = AppStore|iPhone
		{AA7404E4-478C-411A-8A52-801BACD066ED}.AppStore|ARM.ActiveCfg = AppStore|iPhone
		{AA7404E4-478C-411A-8A52-801BACD066ED}.AppStore|iPhone.ActiveCfg = AppStore|iPhone
		{AA7404E4-478C-411A-8A52-801BACD066ED}.AppStore|iPhone.Build.0 = AppStore|iPhone
		{AA7404E4-478C-411A-8A52-801BACD066ED}.AppStore|iPhoneSimulator.ActiveCfg = AppStore|iPhoneSimulator
		{AA7404E4-478C-411A-8A52-801BACD066ED}.AppStore|iPhoneSimulator.Build.0 = AppStore|iPhoneSimulator
		{AA7404E4-478C-411A-8A52-801BACD066ED}.AppStore|x64.ActiveCfg = AppStore|iPhone
		{AA7404E4-478C-411A-8A52-801BACD066ED}.AppStore|x86.ActiveCfg = AppStore|iPhone
		{AA7404E4-478C-411A-8A52-801BACD066ED}.Debug|Any CPU.ActiveCfg = Debug|iPhone
		{AA7404E4-478C-411A-8A52-801BACD066ED}.Debug|ARM.ActiveCfg = Debug|iPhone
		{AA7404E4-478C-411A-8A52-801BACD066ED}.Debug|iPhone.ActiveCfg = Debug|iPhone
		{AA7404E4-478C-411A-8A52-801BACD066ED}.Debug|iPhone.Build.0 = Debug|iPhone
		{AA7404E4-478C-411A-8A52-801BACD066ED}.Debug|iPhoneSimulator.ActiveCfg = Debug|iPhoneSimulator
		{AA7404E4-478C-411A-8A52-801BACD066ED}.Debug|iPhoneSimulator.Build.0 = Debug|iPhoneSimulator
		{AA7404E4-478C-411A-8A52-801BACD066ED}.Debug|x64.ActiveCfg = Debug|iPhone
		{AA7404E4-478C-411A-8A52-801BACD066ED}.Debug|x86.ActiveCfg = Debug|iPhone
		{AA7404E4-478C-411A-8A52-801BACD066ED}.Release|Any CPU.ActiveCfg = Release|iPhone
		{AA7404E4-478C-411A-8A52-801BACD066ED}.Release|ARM.ActiveCfg = Release|iPhone
		{AA7404E4-478C-411A-8A52-801BACD066ED}.Release|iPhone.ActiveCfg = Release|iPhone
		{AA7404E4-478C-411A-8A52-801BACD066ED}.Release|iPhone.Build.0 = Release|iPhone
		{AA7404E4-478C-411A-8A52-801BACD066ED}.Release|iPhoneSimulator.ActiveCfg = Release|iPhoneSimulator
		{AA7404E4-478C-411A-8A52-801BACD066ED}.Release|iPhoneSimulator.Build.0 = Release|iPhoneSimulator
		{AA7404E4-478C-411A-8A52-801BACD066ED}.Release|x64.ActiveCfg = Release|iPhone
		{AA7404E4-478C-411A-8A52-801BACD066ED}.Release|x86.ActiveCfg = Release|iPhone
		{1FE76D6E-5273-4DD0-A26A-42BAA9CEB616}.Ad-Hoc|Any CPU.ActiveCfg = Release|x86
		{1FE76D6E-5273-4DD0-A26A-42BAA9CEB616}.Ad-Hoc|Any CPU.Build.0 = Release|x86
		{1FE76D6E-5273-4DD0-A26A-42BAA9CEB616}.Ad-Hoc|Any CPU.Deploy.0 = Release|x86
		{1FE76D6E-5273-4DD0-A26A-42BAA9CEB616}.Ad-Hoc|ARM.ActiveCfg = Release|ARM
		{1FE76D6E-5273-4DD0-A26A-42BAA9CEB616}.Ad-Hoc|ARM.Build.0 = Release|ARM
		{1FE76D6E-5273-4DD0-A26A-42BAA9CEB616}.Ad-Hoc|ARM.Deploy.0 = Release|ARM
		{1FE76D6E-5273-4DD0-A26A-42BAA9CEB616}.Ad-Hoc|iPhone.ActiveCfg = Release|x86
		{1FE76D6E-5273-4DD0-A26A-42BAA9CEB616}.Ad-Hoc|iPhone.Build.0 = Release|x86
		{1FE76D6E-5273-4DD0-A26A-42BAA9CEB616}.Ad-Hoc|iPhone.Deploy.0 = Release|x86
		{1FE76D6E-5273-4DD0-A26A-42BAA9CEB616}.Ad-Hoc|iPhoneSimulator.ActiveCfg = Release|x86
		{1FE76D6E-5273-4DD0-A26A-42BAA9CEB616}.Ad-Hoc|iPhoneSimulator.Build.0 = Release|x86
		{1FE76D6E-5273-4DD0-A26A-42BAA9CEB616}.Ad-Hoc|iPhoneSimulator.Deploy.0 = Release|x86
		{1FE76D6E-5273-4DD0-A26A-42BAA9CEB616}.Ad-Hoc|x64.ActiveCfg = Release|x64
		{1FE76D6E-5273-4DD0-A26A-42BAA9CEB616}.Ad-Hoc|x64.Build.0 = Release|x64
		{1FE76D6E-5273-4DD0-A26A-42BAA9CEB616}.Ad-Hoc|x64.Deploy.0 = Release|x64
		{1FE76D6E-5273-4DD0-A26A-42BAA9CEB616}.Ad-Hoc|x86.ActiveCfg = Release|x86
		{1FE76D6E-5273-4DD0-A26A-42BAA9CEB616}.Ad-Hoc|x86.Build.0 = Release|x86
		{1FE76D6E-5273-4DD0-A26A-42BAA9CEB616}.Ad-Hoc|x86.Deploy.0 = Release|x86
		{1FE76D6E-5273-4DD0-A26A-42BAA9CEB616}.AppStore|Any CPU.ActiveCfg = Release|x86
		{1FE76D6E-5273-4DD0-A26A-42BAA9CEB616}.AppStore|Any CPU.Build.0 = Release|x86
		{1FE76D6E-5273-4DD0-A26A-42BAA9CEB616}.AppStore|Any CPU.Deploy.0 = Release|x86
		{1FE76D6E-5273-4DD0-A26A-42BAA9CEB616}.AppStore|ARM.ActiveCfg = Release|ARM
		{1FE76D6E-5273-4DD0-A26A-42BAA9CEB616}.AppStore|ARM.Build.0 = Release|ARM
		{1FE76D6E-5273-4DD0-A26A-42BAA9CEB616}.AppStore|ARM.Deploy.0 = Release|ARM
		{1FE76D6E-5273-4DD0-A26A-42BAA9CEB616}.AppStore|iPhone.ActiveCfg = Release|x86
		{1FE76D6E-5273-4DD0-A26A-42BAA9CEB616}.AppStore|iPhone.Build.0 = Release|x86
		{1FE76D6E-5273-4DD0-A26A-42BAA9CEB616}.AppStore|iPhone.Deploy.0 = Release|x86
		{1FE76D6E-5273-4DD0-A26A-42BAA9CEB616}.AppStore|iPhoneSimulator.ActiveCfg = Release|x86
		{1FE76D6E-5273-4DD0-A26A-42BAA9CEB616}.AppStore|iPhoneSimulator.Build.0 = Release|x86
		{1FE76D6E-5273-4DD0-A26A-42BAA9CEB616}.AppStore|iPhoneSimulator.Deploy.0 = Release|x86
		{1FE76D6E-5273-4DD0-A26A-42BAA9CEB616}.AppStore|x64.ActiveCfg = Release|x64
		{1FE76D6E-5273-4DD0-A26A-42BAA9CEB616}.AppStore|x64.Build.0 = Release|x64
		{1FE76D6E-5273-4DD0-A26A-42BAA9CEB616}.AppStore|x64.Deploy.0 = Release|x64
		{1FE76D6E-5273-4DD0-A26A-42BAA9CEB616}.AppStore|x86.ActiveCfg = Release|x86
		{1FE76D6E-5273-4DD0-A26A-42BAA9CEB616}.AppStore|x86.Build.0 = Release|x86
		{1FE76D6E-5273-4DD0-A26A-42BAA9CEB616}.AppStore|x86.Deploy.0 = Release|x86
		{1FE76D6E-5273-4DD0-A26A-42BAA9CEB616}.Debug|Any CPU.ActiveCfg = Debug|x86
		{1FE76D6E-5273-4DD0-A26A-42BAA9CEB616}.Debug|ARM.ActiveCfg = Debug|ARM
		{1FE76D6E-5273-4DD0-A26A-42BAA9CEB616}.Debug|ARM.Build.0 = Debug|ARM
		{1FE76D6E-5273-4DD0-A26A-42BAA9CEB616}.Debug|ARM.Deploy.0 = Debug|ARM
		{1FE76D6E-5273-4DD0-A26A-42BAA9CEB616}.Debug|iPhone.ActiveCfg = Debug|x86
		{1FE76D6E-5273-4DD0-A26A-42BAA9CEB616}.Debug|iPhoneSimulator.ActiveCfg = Debug|x86
		{1FE76D6E-5273-4DD0-A26A-42BAA9CEB616}.Debug|x64.ActiveCfg = Debug|x64
		{1FE76D6E-5273-4DD0-A26A-42BAA9CEB616}.Debug|x64.Build.0 = Debug|x64
		{1FE76D6E-5273-4DD0-A26A-42BAA9CEB616}.Debug|x64.Deploy.0 = Debug|x64
		{1FE76D6E-5273-4DD0-A26A-42BAA9CEB616}.Debug|x86.ActiveCfg = Debug|x86
		{1FE76D6E-5273-4DD0-A26A-42BAA9CEB616}.Debug|x86.Build.0 = Debug|x86
		{1FE76D6E-5273-4DD0-A26A-42BAA9CEB616}.Debug|x86.Deploy.0 = Debug|x86
		{1FE76D6E-5273-4DD0-A26A-42BAA9CEB616}.Release|Any CPU.ActiveCfg = Release|x86
		{1FE76D6E-5273-4DD0-A26A-42BAA9CEB616}.Release|ARM.ActiveCfg = Release|ARM
		{1FE76D6E-5273-4DD0-A26A-42BAA9CEB616}.Release|ARM.Build.0 = Release|ARM
		{1FE76D6E-5273-4DD0-A26A-42BAA9CEB616}.Release|ARM.Deploy.0 = Release|ARM
		{1FE76D6E-5273-4DD0-A26A-42BAA9CEB616}.Release|iPhone.ActiveCfg = Release|x86
		{1FE76D6E-5273-4DD0-A26A-42BAA9CEB616}.Release|iPhoneSimulator.ActiveCfg = Release|x86
		{1FE76D6E-5273-4DD0-A26A-42BAA9CEB616}.Release|x64.ActiveCfg = Release|x64
		{1FE76D6E-5273-4DD0-A26A-42BAA9CEB616}.Release|x64.Build.0 = Release|x64
		{1FE76D6E-5273-4DD0-A26A-42BAA9CEB616}.Release|x64.Deploy.0 = Release|x64
		{1FE76D6E-5273-4DD0-A26A-42BAA9CEB616}.Release|x86.ActiveCfg = Release|x86
		{1FE76D6E-5273-4DD0-A26A-42BAA9CEB616}.Release|x86.Build.0 = Release|x86
		{1FE76D6E-5273-4DD0-A26A-42BAA9CEB616}.Release|x86.Deploy.0 = Release|x86
		{EA33847A-A5C9-4068-80FF-31CE930F6839}.Ad-Hoc|Any CPU.ActiveCfg = Debug|Any CPU
		{EA33847A-A5C9-4068-80FF-31CE930F6839}.Ad-Hoc|Any CPU.Build.0 = Debug|Any CPU
		{EA33847A-A5C9-4068-80FF-31CE930F6839}.Ad-Hoc|ARM.ActiveCfg = Debug|Any CPU
		{EA33847A-A5C9-4068-80FF-31CE930F6839}.Ad-Hoc|ARM.Build.0 = Debug|Any CPU
		{EA33847A-A5C9-4068-80FF-31CE930F6839}.Ad-Hoc|iPhone.ActiveCfg = Debug|Any CPU
		{EA33847A-A5C9-4068-80FF-31CE930F6839}.Ad-Hoc|iPhone.Build.0 = Debug|Any CPU
		{EA33847A-A5C9-4068-80FF-31CE930F6839}.Ad-Hoc|iPhoneSimulator.ActiveCfg = Debug|Any CPU
		{EA33847A-A5C9-4068-80FF-31CE930F6839}.Ad-Hoc|iPhoneSimulator.Build.0 = Debug|Any CPU
		{EA33847A-A5C9-4068-80FF-31CE930F6839}.Ad-Hoc|x64.ActiveCfg = Debug|Any CPU
		{EA33847A-A5C9-4068-80FF-31CE930F6839}.Ad-Hoc|x64.Build.0 = Debug|Any CPU
		{EA33847A-A5C9-4068-80FF-31CE930F6839}.Ad-Hoc|x86.ActiveCfg = Debug|Any CPU
		{EA33847A-A5C9-4068-80FF-31CE930F6839}.Ad-Hoc|x86.Build.0 = Debug|Any CPU
		{EA33847A-A5C9-4068-80FF-31CE930F6839}.AppStore|Any CPU.ActiveCfg = Debug|Any CPU
		{EA33847A-A5C9-4068-80FF-31CE930F6839}.AppStore|Any CPU.Build.0 = Debug|Any CPU
		{EA33847A-A5C9-4068-80FF-31CE930F6839}.AppStore|ARM.ActiveCfg = Debug|Any CPU
		{EA33847A-A5C9-4068-80FF-31CE930F6839}.AppStore|ARM.Build.0 = Debug|Any CPU
		{EA33847A-A5C9-4068-80FF-31CE930F6839}.AppStore|iPhone.ActiveCfg = Debug|Any CPU
		{EA33847A-A5C9-4068-80FF-31CE930F6839}.AppStore|iPhone.Build.0 = Debug|Any CPU
		{EA33847A-A5C9-4068-80FF-31CE930F6839}.AppStore|iPhoneSimulator.ActiveCfg = Debug|Any CPU
		{EA33847A-A5C9-4068-80FF-31CE930F6839}.AppStore|iPhoneSimulator.Build.0 = Debug|Any CPU
		{EA33847A-A5C9-4068-80FF-31CE930F6839}.AppStore|x64.ActiveCfg = Debug|Any CPU
		{EA33847A-A5C9-4068-80FF-31CE930F6839}.AppStore|x64.Build.0 = Debug|Any CPU
		{EA33847A-A5C9-4068-80FF-31CE930F6839}.AppStore|x86.ActiveCfg = Debug|Any CPU
		{EA33847A-A5C9-4068-80FF-31CE930F6839}.AppStore|x86.Build.0 = Debug|Any CPU
		{EA33847A-A5C9-4068-80FF-31CE930F6839}.Debug|Any CPU.ActiveCfg = Debug|Any CPU
		{EA33847A-A5C9-4068-80FF-31CE930F6839}.Debug|Any CPU.Build.0 = Debug|Any CPU
		{EA33847A-A5C9-4068-80FF-31CE930F6839}.Debug|ARM.ActiveCfg = Debug|Any CPU
		{EA33847A-A5C9-4068-80FF-31CE930F6839}.Debug|ARM.Build.0 = Debug|Any CPU
		{EA33847A-A5C9-4068-80FF-31CE930F6839}.Debug|iPhone.ActiveCfg = Debug|Any CPU
		{EA33847A-A5C9-4068-80FF-31CE930F6839}.Debug|iPhone.Build.0 = Debug|Any CPU
		{EA33847A-A5C9-4068-80FF-31CE930F6839}.Debug|iPhoneSimulator.ActiveCfg = Debug|Any CPU
		{EA33847A-A5C9-4068-80FF-31CE930F6839}.Debug|iPhoneSimulator.Build.0 = Debug|Any CPU
		{EA33847A-A5C9-4068-80FF-31CE930F6839}.Debug|x64.ActiveCfg = Debug|Any CPU
		{EA33847A-A5C9-4068-80FF-31CE930F6839}.Debug|x64.Build.0 = Debug|Any CPU
		{EA33847A-A5C9-4068-80FF-31CE930F6839}.Debug|x86.ActiveCfg = Debug|Any CPU
		{EA33847A-A5C9-4068-80FF-31CE930F6839}.Debug|x86.Build.0 = Debug|Any CPU
		{EA33847A-A5C9-4068-80FF-31CE930F6839}.Release|Any CPU.ActiveCfg = Release|Any CPU
		{EA33847A-A5C9-4068-80FF-31CE930F6839}.Release|Any CPU.Build.0 = Release|Any CPU
		{EA33847A-A5C9-4068-80FF-31CE930F6839}.Release|ARM.ActiveCfg = Release|Any CPU
		{EA33847A-A5C9-4068-80FF-31CE930F6839}.Release|ARM.Build.0 = Release|Any CPU
		{EA33847A-A5C9-4068-80FF-31CE930F6839}.Release|iPhone.ActiveCfg = Release|Any CPU
		{EA33847A-A5C9-4068-80FF-31CE930F6839}.Release|iPhone.Build.0 = Release|Any CPU
		{EA33847A-A5C9-4068-80FF-31CE930F6839}.Release|iPhoneSimulator.ActiveCfg = Release|Any CPU
		{EA33847A-A5C9-4068-80FF-31CE930F6839}.Release|iPhoneSimulator.Build.0 = Release|Any CPU
		{EA33847A-A5C9-4068-80FF-31CE930F6839}.Release|x64.ActiveCfg = Release|Any CPU
		{EA33847A-A5C9-4068-80FF-31CE930F6839}.Release|x64.Build.0 = Release|Any CPU
		{EA33847A-A5C9-4068-80FF-31CE930F6839}.Release|x86.ActiveCfg = Release|Any CPU
		{EA33847A-A5C9-4068-80FF-31CE930F6839}.Release|x86.Build.0 = Release|Any CPU
	EndGlobalSection
	GlobalSection(SolutionProperties) = preSolution
		HideSolutionNode = FALSE
	EndGlobalSection
EndGlobal
